
Microsoft Visual Studio Solution File, Format Version 12.00
# Visual Studio 15
VisualStudioVersion = 15.0.26730.3
MinimumVisualStudioVersion = 10.0.40219.1
Project("{FAE04EC0-301F-11D3-BF4B-00C04F79EFBC}") = "laba", "laba\laba.csproj", "{22CBB907-AC17-4827-8501-B3DEAFCD8A9B}"
EndProject
Project("{FAE04EC0-301F-11D3-BF4B-00C04F79EFBC}") = "2oe zadanie", "2oe zadanie\2oe zadanie.csproj", "{ED51A8EC-D882-4550-8304-B50069E47639}"
EndProject
Project("{FAE04EC0-301F-11D3-BF4B-00C04F79EFBC}") = "zadanie 3", "zadanie 3\zadanie 3.csproj", "{C43A553B-B0D7-4826-8938-0F2315526FEF}"
EndProject
Global
	GlobalSection(SolutionConfigurationPlatforms) = preSolution
		Debug|Any CPU = Debug|Any CPU
		Release|Any CPU = Release|Any CPU
	EndGlobalSection
	GlobalSection(ProjectConfigurationPlatforms) = postSolution
		{22CBB907-AC17-4827-8501-B3DEAFCD8A9B}.Debug|Any CPU.ActiveCfg = Debug|Any CPU
		{22CBB907-AC17-4827-8501-B3DEAFCD8A9B}.Debug|Any CPU.Build.0 = Debug|Any CPU
		{22CBB907-AC17-4827-8501-B3DEAFCD8A9B}.Release|Any CPU.ActiveCfg = Release|Any CPU
		{22CBB907-AC17-4827-8501-B3DEAFCD8A9B}.Release|Any CPU.Build.0 = Release|Any CPU
		{ED51A8EC-D882-4550-8304-B50069E47639}.Debug|Any CPU.ActiveCfg = Debug|Any CPU
		{ED51A8EC-D882-4550-8304-B50069E47639}.Debug|Any CPU.Build.0 = Debug|Any CPU
		{ED51A8EC-D882-4550-8304-B50069E47639}.Release|Any CPU.ActiveCfg = Release|Any CPU
		{ED51A8EC-D882-4550-8304-B50069E47639}.Release|Any CPU.Build.0 = Release|Any CPU
		{C43A553B-B0D7-4826-8938-0F2315526FEF}.Debug|Any CPU.ActiveCfg = Debug|Any CPU
		{C43A553B-B0D7-4826-8938-0F2315526FEF}.Debug|Any CPU.Build.0 = Debug|Any CPU
		{C43A553B-B0D7-4826-8938-0F2315526FEF}.Release|Any CPU.ActiveCfg = Release|Any CPU
		{C43A553B-B0D7-4826-8938-0F2315526FEF}.Release|Any CPU.Build.0 = Release|Any CPU
	EndGlobalSection
	GlobalSection(SolutionProperties) = preSolution
		HideSolutionNode = FALSE
	EndGlobalSection
	GlobalSection(ExtensibilityGlobals) = postSolution
		SolutionGuid = {45E74C65-64E9-49F4-AA70-7EE229822862}
	EndGlobalSection
EndGlobal
